// !$*UTF8*$!
{
	archiveVersion = 1;
	classes = {
	};
	objectVersion = 46;
	objects = {

/* Begin PBXBuildFile section */
		94E822431D37F95200F60833 /* AppDelegate.swift in Sources */ = {isa = PBXBuildFile; fileRef = 94E822421D37F95200F60833 /* AppDelegate.swift */; };
		94E822451D37F95200F60833 /* ViewController.swift in Sources */ = {isa = PBXBuildFile; fileRef = 94E822441D37F95200F60833 /* ViewController.swift */; };
		94E822481D37F95200F60833 /* Main.storyboard in Resources */ = {isa = PBXBuildFile; fileRef = 94E822461D37F95200F60833 /* Main.storyboard */; };
		94E8224A1D37F95200F60833 /* Assets.xcassets in Resources */ = {isa = PBXBuildFile; fileRef = 94E822491D37F95200F60833 /* Assets.xcassets */; };
		94E8224D1D37F95200F60833 /* LaunchScreen.storyboard in Resources */ = {isa = PBXBuildFile; fileRef = 94E8224B1D37F95200F60833 /* LaunchScreen.storyboard */; };
/* End PBXBuildFile section */

/* Begin PBXFileReference section */
		94E8223F1D37F95200F60833 /* Tilt-To-Scroll.app */ = {isa = PBXFileReference; explicitFileType = wrapper.application; includeInIndex = 0; path = "Tilt-To-Scroll.app"; sourceTree = BUILT_PRODUCTS_DIR; };
		94E822421D37F95200F60833 /* AppDelegate.swift */ = {isa = PBXFileReference; lastKnownFileType = sourcecode.swift; path = AppDelegate.swift; sourceTree = "<group>"; };
		94E822441D37F95200F60833 /* ViewController.swift */ = {isa = PBXFileReference; lastKnownFileType = sourcecode.swift; path = ViewController.swift; sourceTree = "<group>"; };
		94E822471D37F95200F60833 /* Base */ = {isa = PBXFileReference; lastKnownFileType = file.storyboard; name = Base; path = Base.lproj/Main.storyboard; sourceTree = "<group>"; };
		94E822491D37F95200F60833 /* Assets.xcassets */ = {isa = PBXFileReference; lastKnownFileType = folder.assetcatalog; path = Assets.xcassets; sourceTree = "<group>"; };
		94E8224C1D37F95200F60833 /* Base */ = {isa = PBXFileReference; lastKnownFileType = file.storyboard; name = Base; path = Base.lproj/LaunchScreen.storyboard; sourceTree = "<group>"; };
		94E8224E1D37F95200F60833 /* Info.plist */ = {isa = PBXFileReference; lastKnownFileType = text.plist.xml; path = Info.plist; sourceTree = "<group>"; };
/* End PBXFileReference section */

/* Begin PBXFrameworksBuildPhase section */
		94E8223C1D37F95200F60833 /* Frameworks */ = {
			isa = PBXFrameworksBuildPhase;
			buildActionMask = 2147483647;
			files = (
			);
			runOnlyForDeploymentPostprocessing = 0;
		};
/* End PBXFrameworksBuildPhase section */

/* Begin PBXGroup section */
		94E822361D37F95200F60833 = {
			isa = PBXGroup;
			children = (
				94E822411D37F95200F60833 /* Tilt-To-Scroll */,
				94E822401D37F95200F60833 /* Products */,
			);
			sourceTree = "<group>";
		};
		94E822401D37F95200F60833 /* Products */ = {
			isa = PBXGroup;
			children = (
				94E8223F1D37F95200F60833 /* Tilt-To-Scroll.app */,
			);
			name = Products;
			sourceTree = "<group>";
		};
		94E822411D37F95200F60833 /* Tilt-To-Scroll */ = {
			isa = PBXGroup;
			children = (
				94E822421D37F95200F60833 /* AppDelegate.swift */,
				94E822441D37F95200F60833 /* ViewController.swift */,
				94E822461D37F95200F60833 /* Main.storyboard */,
				94E822491D37F95200F60833 /* Assets.xcassets */,
				94E8224B1D37F95200F60833 /* LaunchScreen.storyboard */,
				94E8224E1D37F95200F60833 /* Info.plist */,
			);
			path = "Tilt-To-Scroll";
			sourceTree = "<group>";
		};
/* End PBXGroup section */

/* Begin PBXNativeTarget section */
		94E8223E1D37F95200F60833 /* Tilt-To-Scroll */ = {
			isa = PBXNativeTarget;
			buildConfigurationList = 94E822511D37F95200F60833 /* Build configuration list for PBXNativeTarget "Tilt-To-Scroll" */;
			buildPhases = (
				94E8223B1D37F95200F60833 /* Sources */,
				94E8223C1D37F95200F60833 /* Frameworks */,
				94E8223D1D37F95200F60833 /* Resources */,
			);
			buildRules = (
			);
			dependencies = (
			);
			name = "Tilt-To-Scroll";
			productName = "Tilt-To-Scroll";
			productReference = 94E8223F1D37F95200F60833 /* Tilt-To-Scroll.app */;
			productType = "com.apple.product-type.application";
		};
/* End PBXNativeTarget section */

/* Begin PBXProject section */
		94E822371D37F95200F60833 /* Project object */ = {
			isa = PBXProject;
			attributes = {
				LastSwiftUpdateCheck = 0730;
				LastUpgradeCheck = 0730;
				ORGANIZATIONNAME = "Ryan Cortez";
				TargetAttributes = {
					94E8223E1D37F95200F60833 = {
						CreatedOnToolsVersion = 7.3.1;
					};
				};
			};
			buildConfigurationList = 94E8223A1D37F95200F60833 /* Build configuration list for PBXProject "Tilt-To-Scroll" */;
			compatibilityVersion = "Xcode 3.2";
			developmentRegion = English;
			hasScannedForEncodings = 0;
			knownRegions = (
				en,
				Base,
			);
			mainGroup = 94E822361D37F95200F60833;
			productRefGroup = 94E822401D37F95200F60833 /* Products */;
			projectDirPath = "";
			projectRoot = "";
			targets = (
				94E8223E1D37F95200F60833 /* Tilt-To-Scroll */,
			);
		};
/* End PBXProject section */

/* Begin PBXResourcesBuildPhase section */
		94E8223D1D37F95200F60833 /* Resources */ = {
			isa = PBXResourcesBuildPhase;
			buildActionMask = 2147483647;
			files = (
				94E8224D1D37F95200F60833 /* LaunchScreen.storyboard in Resources */,
				94E8224A1D37F95200F60833 /* Assets.xcassets in Resources */,
				94E822481D37F95200F60833 /* Main.storyboard in Resources */,
			);
			runOnlyForDeploymentPostprocessing = 0;
		};
/* End PBXResourcesBuildPhase section */

/* Begin PBXSourcesBuildPhase section */
		94E8223B1D37F95200F60833 /* Sources */ = {
			isa = PBXSourcesBuildPhase;
			buildActionMask = 2147483647;
			files = (
				94E822451D37F95200F60833 /* ViewController.swift in Sources */,
				94E822431D37F95200F60833 /* AppDelegate.swift in Sources */,
			);
			runOnlyForDeploymentPostprocessing = 0;
		};
/* End PBXSourcesBuildPhase section */

/* Begin PBXVariantGroup section */
		94E822461D37F95200F60833 /* Main.storyboard */ = {
			isa = PBXVariantGroup;
			children = (
				94E822471D37F95200F60833 /* Base */,
			);
			name = Main.storyboard;
			sourceTree = "<group>";
		};
		94E8224B1D37F95200F60833 /* LaunchScreen.storyboard */ = {
			isa = PBXVariantGroup;
			children = (
				94E8224C1D37F95200F60833 /* Base */,
			);
			name = LaunchScreen.storyboard;
			sourceTree = "<group>";
		};
/* End PBXVariantGroup section */

/* Begin XCBuildConfiguration section */
		94E8224F1D37F95200F60833 /* Debug */ = {
			isa = XCBuildConfiguration;
			buildSettings = {
				ALWAYS_SEARCH_USER_PATHS = NO;
				CLANG_ANALYZER_NONNULL = YES;
				CLANG_CXX_LANGUAGE_STANDARD = "gnu++0x";
				CLANG_CXX_LIBRARY = "libc++";
				CLANG_ENABLE_MODULES = YES;
				CLANG_ENABLE_OBJC_ARC = YES;
				CLANG_WARN_BOOL_CONVERSION = YES;
				CLANG_WARN_CONSTANT_CONVERSION = YES;
				CLANG_WARN_DIRECT_OBJC_ISA_USAGE = YES_ERROR;
				CLANG_WARN_EMPTY_BODY = YES;
				CLANG_WARN_ENUM_CONVERSION = YES;
				CLANG_WARN_INT_CONVERSION = YES;
				CLANG_WARN_OBJC_ROOT_CLASS = YES_ERROR;
				CLANG_WARN_UNREACHABLE_CODE = YES;
				CLANG_WARN__DUPLICATE_METHOD_MATCH = YES;
				"CODE_SIGN_IDENTITY[sdk=iphoneos*]" = "iPhone Developer";
				COPY_PHASE_STRIP = NO;
				DEBUG_INFORMATION_FORMAT = dwarf;
				ENABLE_STRICT_OBJC_MSGSEND = YES;
				ENABLE_TESTABILITY = YES;
				GCC_C_LANGUAGE_STANDARD = gnu99;
				GCC_DYNAMIC_NO_PIC = NO;
				GCC_NO_COMMON_BLOCKS = YES;
				GCC_OPTIMIZATION_LEVEL = 0;
				GCC_PREPROCESSOR_DEFINITIONS = (
					"DEBUG=1",
					"$(inherited)",
				);
				GCC_WARN_64_TO_32_BIT_CONVERSION = YES;
				GCC_WARN_ABOUT_RETURN_TYPE = YES_ERROR;
				GCC_WARN_UNDECLARED_SELECTOR = YES;
				GCC_WARN_UNINITIALIZED_AUTOS = YES_AGGRESSIVE;
				GCC_WARN_UNUSED_FUNCTION = YES;
				GCC_WARN_UNUSED_VARIABLE = YES;
				IPHONEOS_DEPLOYMENT_TARGET = 9.3;
				MTL_ENABLE_DEBUG_INFO = YES;
				ONLY_ACTIVE_ARCH = YES;
				SDKROOT = iphoneos;
				SWIFT_OPTIMIZATION_LEVEL = "-Onone";
				TARGETED_DEVICE_FAMILY = "1,2";
			};
			name = Debug;
		};
		94E822501D37F95200F60833 /* Release */ = {
			isa = XCBuildConfiguration;
			buildSettings = {
				ALWAYS_SEARCH_USER_PATHS = NO;
				CLANG_ANALYZER_NONNULL = YES;
				CLANG_CXX_LANGUAGE_STANDARD = "gnu++0x";
				CLANG_CXX_LIBRARY = "libc++";
				CLANG_ENABLE_MODULES = YES;
				CLANG_ENABLE_OBJC_ARC = YES;
				CLANG_WARN_BOOL_CONVERSION = YES;
				CLANG_WARN_CONSTANT_CONVERSION = YES;
				CLANG_WARN_DIRECT_OBJC_ISA_USAGE = YES_ERROR;
				CLANG_WARN_EMPTY_BODY = YES;
				CLANG_WARN_ENUM_CONVERSION = YES;
				CLANG_WARN_INT_CONVERSION = YES;
				CLANG_WARN_OBJC_ROOT_CLASS = YES_ERROR;
				CLANG_WARN_UNREACHABLE_CODE = YES;
				CLANG_WARN__DUPLICATE_METHOD_MATCH = YES;
				"CODE_SIGN_IDENTITY[sdk=iphoneos*]" = "iPhone Developer";
				COPY_PHASE_STRIP = NO;
				DEBUG_INFORMATION_FORMAT = "dwarf-with-dsym";
				ENABLE_NS_ASSERTIONS = NO;
				ENABLE_STRICT_OBJC_MSGSEND = YES;
				GCC_C_LANGUAGE_STANDARD = gnu99;
				GCC_NO_COMMON_BLOCKS = YES;
				GCC_WARN_64_TO_32_BIT_CONVERSION = YES;
				GCC_WARN_ABOUT_RETURN_TYPE = YES_ERROR;
				GCC_WARN_UNDECLARED_SELECTOR = YES;
				GCC_WARN_UNINITIALIZED_AUTOS = YES_AGGRESSIVE;
				GCC_WARN_UNUSED_FUNCTION = YES;
				GCC_WARN_UNUSED_VARIABLE = YES;
				IPHONEOS_DEPLOYMENT_TARGET = 9.3;
				MTL_ENABLE_DEBUG_INFO = NO;
				SDKROOT = iphoneos;
				TARGETED_DEVICE_FAMILY = "1,2";
				VALIDATE_PRODUCT = YES;
			};
			name = Release;
		};
		94E822521D37F95200F60833 /* Debug */ = {
			isa = XCBuildConfiguration;
			buildSettings = {
				ASSETCATALOG_COMPILER_APPICON_NAME = AppIcon;
				INFOPLIST_FILE = "Tilt-To-Scroll/Info.plist";
				LD_RUNPATH_SEARCH_PATHS = "$(inherited) @executable_path/Frameworks";
				PRODUCT_BUNDLE_IDENTIFIER = "ryancortez.Tilt-To-Scroll";
				PRODUCT_NAME = "$(TARGET_NAME)";
			};
			name = Debug;
		};
		94E822531D37F95200F60833 /* Release */ = {
			isa = XCBuildConfiguration;
			buildSettings = {
				ASSETCATALOG_COMPILER_APPICON_NAME = AppIcon;
				INFOPLIST_FILE = "Tilt-To-Scroll/Info.plist";
				LD_RUNPATH_SEARCH_PATHS = "$(inherited) @executable_path/Frameworks";
				PRODUCT_BUNDLE_IDENTIFIER = "ryancortez.Tilt-To-Scroll";
				PRODUCT_NAME = "$(TARGET_NAME)";
			};
			name = Release;
		};
/* End XCBuildConfiguration section */

/* Begin XCConfigurationList section */
		94E8223A1D37F95200F60833 /* Build configuration list for PBXProject "Tilt-To-Scroll" */ = {
			isa = XCConfigurationList;
			buildConfigurations = (
				94E8224F1D37F95200F60833 /* Debug */,
				94E822501D37F95200F60833 /* Release */,
			);
			defaultConfigurationIsVisible = 0;
			defaultConfigurationName = Release;
		};
		94E822511D37F95200F60833 /* Build configuration list for PBXNativeTarget "Tilt-To-Scroll" */ = {
			isa = XCConfigurationList;
			buildConfigurations = (
				94E822521D37F95200F60833 /* Debug */,
				94E822531D37F95200F60833 /* Release */,
			);
			defaultConfigurationIsVisible = 0;
		};
/* End XCConfigurationList section */
	};
	rootObject = 94E822371D37F95200F60833 /* Project object */;
}
